
Microsoft Visual Studio Solution File, Format Version 12.00
# Visual Studio Version 17
VisualStudioVersion = 17.12.35506.116 d17.12
MinimumVisualStudioVersion = 10.0.40219.1
Project("{FAE04EC0-301F-11D3-BF4B-00C04F79EFBC}") = "BasicOOPSRevise", "BasicOOPSRevise.csproj", "{966A206E-3816-4C53-A4B5-AFB19F7BE30A}"
EndProject
Global
	GlobalSection(SolutionConfigurationPlatforms) = preSolution
		Debug|Any CPU = Debug|Any CPU
		Release|Any CPU = Release|Any CPU
	EndGlobalSection
	GlobalSection(ProjectConfigurationPlatforms) = postSolution
		{966A206E-3816-4C53-A4B5-AFB19F7BE30A}.Debug|Any CPU.ActiveCfg = Debug|Any CPU
		{966A206E-3816-4C53-A4B5-AFB19F7BE30A}.Debug|Any CPU.Build.0 = Debug|Any CPU
		{966A206E-3816-4C53-A4B5-AFB19F7BE30A}.Release|Any CPU.ActiveCfg = Release|Any CPU
		{966A206E-3816-4C53-A4B5-AFB19F7BE30A}.Release|Any CPU.Build.0 = Release|Any CPU
	EndGlobalSection
	GlobalSection(SolutionProperties) = preSolution
		HideSolutionNode = FALSE
	EndGlobalSection
EndGlobal
